
Microsoft Visual Studio Solution File, Format Version 12.00
# Visual Studio 15
VisualStudioVersion = 15.0.27004.2010
MinimumVisualStudioVersion = 10.0.40219.1
Project("{9A19103F-16F7-4668-BE54-9A1E7A4F7556}") = "console_app_demo", "console_app_demo\console_app_demo.csproj", "{91DEFD95-F109-4CE4-AB79-D2C29A45648E}"
EndProject
Global
	GlobalSection(SolutionConfigurationPlatforms) = preSolution
		Debug|Any CPU = Debug|Any CPU
		Release|Any CPU = Release|Any CPU
	EndGlobalSection
	GlobalSection(ProjectConfigurationPlatforms) = postSolution
		{91DEFD95-F109-4CE4-AB79-D2C29A45648E}.Debug|Any CPU.ActiveCfg = Debug|Any CPU
		{91DEFD95-F109-4CE4-AB79-D2C29A45648E}.Debug|Any CPU.Build.0 = Debug|Any CPU
		{91DEFD95-F109-4CE4-AB79-D2C29A45648E}.Release|Any CPU.ActiveCfg = Release|Any CPU
		{91DEFD95-F109-4CE4-AB79-D2C29A45648E}.Release|Any CPU.Build.0 = Release|Any CPU
	EndGlobalSection
	GlobalSection(SolutionProperties) = preSolution
		HideSolutionNode = FALSE
	EndGlobalSection
	GlobalSection(ExtensibilityGlobals) = postSolution
		SolutionGuid = {97997D09-F179-40F7-BCCF-60394E706E0C}
	EndGlobalSection
EndGlobal
